
Microsoft Visual Studio Solution File, Format Version 12.00
# Visual Studio Version 17
VisualStudioVersion = 17.5.33516.290
MinimumVisualStudioVersion = 10.0.40219.1
Project("{FAE04EC0-301F-11D3-BF4B-00C04F79EFBC}") = "ConsoleApp_Practice5", "ConsoleApp_Practice5.csproj", "{02FB03FB-CC37-469F-A2AA-D36A1B551175}"
EndProject
Global
	GlobalSection(SolutionConfigurationPlatforms) = preSolution
		Debug|Any CPU = Debug|Any CPU
		Release|Any CPU = Release|Any CPU
	EndGlobalSection
	GlobalSection(ProjectConfigurationPlatforms) = postSolution
		{02FB03FB-CC37-469F-A2AA-D36A1B551175}.Debug|Any CPU.ActiveCfg = Debug|Any CPU
		{02FB03FB-CC37-469F-A2AA-D36A1B551175}.Debug|Any CPU.Build.0 = Debug|Any CPU
		{02FB03FB-CC37-469F-A2AA-D36A1B551175}.Release|Any CPU.ActiveCfg = Release|Any CPU
		{02FB03FB-CC37-469F-A2AA-D36A1B551175}.Release|Any CPU.Build.0 = Release|Any CPU
	EndGlobalSection
	GlobalSection(SolutionProperties) = preSolution
		HideSolutionNode = FALSE
	EndGlobalSection
	GlobalSection(ExtensibilityGlobals) = postSolution
		SolutionGuid = {CFF9ADCC-AF7C-4061-B4EF-61E68863AA92}
	EndGlobalSection
EndGlobal
